
Microsoft Visual Studio Solution File, Format Version 12.00
# Visual Studio Version 16
VisualStudioVersion = 16.0.31424.327
MinimumVisualStudioVersion = 10.0.40219.1
Project("{FAE04EC0-301F-11D3-BF4B-00C04F79EFBC}") = "excel04", "excel04\excel04.csproj", "{167C24AA-974E-49B1-BBEE-4C5DFDADA49D}"
EndProject
Global
	GlobalSection(SolutionConfigurationPlatforms) = preSolution
		Debug|Any CPU = Debug|Any CPU
		Release|Any CPU = Release|Any CPU
	EndGlobalSection
	GlobalSection(ProjectConfigurationPlatforms) = postSolution
		{167C24AA-974E-49B1-BBEE-4C5DFDADA49D}.Debug|Any CPU.ActiveCfg = Debug|Any CPU
		{167C24AA-974E-49B1-BBEE-4C5DFDADA49D}.Debug|Any CPU.Build.0 = Debug|Any CPU
		{167C24AA-974E-49B1-BBEE-4C5DFDADA49D}.Release|Any CPU.ActiveCfg = Release|Any CPU
		{167C24AA-974E-49B1-BBEE-4C5DFDADA49D}.Release|Any CPU.Build.0 = Release|Any CPU
	EndGlobalSection
	GlobalSection(SolutionProperties) = preSolution
		HideSolutionNode = FALSE
	EndGlobalSection
	GlobalSection(ExtensibilityGlobals) = postSolution
		SolutionGuid = {F364FB71-BB7B-4B12-8425-472331E98905}
	EndGlobalSection
EndGlobal
